
Microsoft Visual Studio Solution File, Format Version 12.00
# Visual Studio 15
VisualStudioVersion = 15.0.28010.2041
MinimumVisualStudioVersion = 10.0.40219.1
Project("{FAE04EC0-301F-11D3-BF4B-00C04F79EFBC}") = "Indentional", "Indentional\Indentional.csproj", "{F76F9D9D-9AD3-49B3-9934-153E1B1DB312}"
EndProject
Project("{FAE04EC0-301F-11D3-BF4B-00C04F79EFBC}") = "Indentional.Tests", "Indentional.Tests\Indentional.Tests.csproj", "{D95A94EC-B0E9-4667-9B01-94EE0ADD887C}"
EndProject
Global
	GlobalSection(SolutionConfigurationPlatforms) = preSolution
		Debug|Any CPU = Debug|Any CPU
		Release|Any CPU = Release|Any CPU
	EndGlobalSection
	GlobalSection(ProjectConfigurationPlatforms) = postSolution
		{F76F9D9D-9AD3-49B3-9934-153E1B1DB312}.Debug|Any CPU.ActiveCfg = Debug|Any CPU
		{F76F9D9D-9AD3-49B3-9934-153E1B1DB312}.Debug|Any CPU.Build.0 = Debug|Any CPU
		{F76F9D9D-9AD3-49B3-9934-153E1B1DB312}.Release|Any CPU.ActiveCfg = Release|Any CPU
		{F76F9D9D-9AD3-49B3-9934-153E1B1DB312}.Release|Any CPU.Build.0 = Release|Any CPU
		{D95A94EC-B0E9-4667-9B01-94EE0ADD887C}.Debug|Any CPU.ActiveCfg = Debug|Any CPU
		{D95A94EC-B0E9-4667-9B01-94EE0ADD887C}.Debug|Any CPU.Build.0 = Debug|Any CPU
		{D95A94EC-B0E9-4667-9B01-94EE0ADD887C}.Release|Any CPU.ActiveCfg = Release|Any CPU
		{D95A94EC-B0E9-4667-9B01-94EE0ADD887C}.Release|Any CPU.Build.0 = Release|Any CPU
	EndGlobalSection
	GlobalSection(SolutionProperties) = preSolution
		HideSolutionNode = FALSE
	EndGlobalSection
	GlobalSection(ExtensibilityGlobals) = postSolution
		SolutionGuid = {A7BA973F-751D-477A-B608-D110C6722DA5}
	EndGlobalSection
EndGlobal
